<?xml version="1.0" encoding="utf-8"?>
<Project ToolsVersion="4.0" xmlns="http://schemas.microsoft.com/developer/msbuild/2003">
  <ItemGroup>
    <Filter Include="ソース ファイル">
      <UniqueIdentifier>{4FC737F1-C7A5-4376-A066-2A32D752A2FF}</UniqueIdentifier>
      <Extensions>cpp;c;cc;cxx;def;odl;idl;hpj;bat;asm;asmx</Extensions>
    </Filter>
    <Filter Include="ヘッダー ファイル">
      <UniqueIdentifier>{93995380-89BD-4b04-88EB-625FBE52EBFB}</UniqueIdentifier>
      <Extensions>h;hpp;hxx;hm;inl;inc;xsd</Extensions>
    </Filter>
    <Filter Include="リソース ファイル">
      <UniqueIdentifier>{67DA6AB6-F800-4c08-8B7A-83BB121AAD01}</UniqueIdentifier>
      <Extensions>rc;ico;cur;bmp;dlg;rc2;rct;bin;rgs;gif;jpg;jpeg;jpe;resx;tiff;tif;png;wav</Extensions>
    </Filter>
    <Filter Include="Common">
      <UniqueIdentifier>{f2ec7f6d-17c6-4429-a7df-1cbad3d8d7a5}</UniqueIdentifier>
    </Filter>
    <Filter Include="Common\inc">
      <UniqueIdentifier>{e080095f-ee7d-4a3e-817d-4d7207fbb0cf}</UniqueIdentifier>
    </Filter>
  </ItemGroup>
  <ItemGroup>
    <ClCompile Include="PTxWDMCtrl.cpp">
      <Filter>ソース ファイル</Filter>
    </ClCompile>
    <ClCompile Include="stdafx.cpp">
      <Filter>ソース ファイル</Filter>
    </ClCompile>
    <ClCompile Include="..\Common\pryutil.cpp">
      <Filter>Common</Filter>
    </ClCompile>
    <ClCompile Include="..\Common\PTxWDMCmd.cpp">
      <Filter>Common</Filter>
    </ClCompile>
    <ClCompile Include="..\Common\SharedCmd.cpp">
      <Filter>Common</Filter>
    </ClCompile>
    <ClCompile Include="..\Common\PTxWDMCmdSrv.cpp">
      <Filter>Common</Filter>
    </ClCompile>
  </ItemGroup>
  <ItemGroup>
    <ClInclude Include="PTxWDMCtrl.h">
      <Filter>ヘッダー ファイル</Filter>
    </ClInclude>
    <ClInclude Include="Resource.h">
      <Filter>ヘッダー ファイル</Filter>
    </ClInclude>
    <ClInclude Include="stdafx.h">
      <Filter>ヘッダー ファイル</Filter>
    </ClInclude>
    <ClInclude Include="targetver.h">
      <Filter>ヘッダー ファイル</Filter>
    </ClInclude>
    <ClInclude Include="..\Common\pryutil.h">
      <Filter>Common</Filter>
    </ClInclude>
    <ClInclude Include="..\Common\PtDrvWrap.h">
      <Filter>Common</Filter>
    </ClInclude>
    <ClInclude Include="..\Common\PTxWDMCmd.h">
      <Filter>Common</Filter>
    </ClInclude>
    <ClInclude Include="..\Common\PTxWDMCmdSrv.h">
      <Filter>Common</Filter>
    </ClInclude>
    <ClInclude Include="..\Common\SharedCmd.h">
      <Filter>Common</Filter>
    </ClInclude>
    <ClInclude Include="..\Common\twindbg.h">
      <Filter>Common</Filter>
    </ClInclude>
    <ClInclude Include="..\Common\inc\PtDrvIfLib.h">
      <Filter>Common\inc</Filter>
    </ClInclude>
  </ItemGroup>
  <ItemGroup>
    <Image Include="PTxWDMCtrl.ico">
      <Filter>リソース ファイル</Filter>
    </Image>
    <Image Include="small.ico">
      <Filter>リソース ファイル</Filter>
    </Image>
  </ItemGroup>
  <ItemGroup>
    <ResourceCompile Include="PTxWDMCtrl.rc">
      <Filter>リソース ファイル</Filter>
    </ResourceCompile>
  </ItemGroup>
</Project>